{
  "name": "genshin-puzzle",
  "version": "1.0.0",
  "lockfileVersion": 2,
  "requires": true,
  "packages": {
    "": {
      "version": "1.0.0",
      "license": "ISC",
      "dependencies": {
        "@types/node": "^16.4.3",
        "typescript": "latest"
      }
    },
    "node_modules/@types/node": {
      "version": "16.4.3",
      "resolved": "https://registry.nlark.com/@types/node/download/@types/node-16.4.3.tgz?cache=0&sync_timestamp=1627257954439&other_urls=https%3A%2F%2Fregistry.nlark.com%2F%40types%2Fnode%2Fdownload%2F%40types%2Fnode-16.4.3.tgz",
      "integrity": "sha1-wBwaIVch9t7HG0fYi0aHRjYBukg="
    },
    "node_modules/typescript": {
      "version": "4.3.5",
      "resolved": "https://registry.nlark.com/typescript/download/typescript-4.3.5.tgz?cache=0&other_urls=https%3A%2F%2Fregistry.nlark.com%2Ftypescript%2Fdownload%2Ftypescript-4.3.5.tgz",
      "integrity": "sha1-TRw3zBbok5c8RaBohrcRMjTxGfQ=",
      "bin": {
        "tsc": "bin/tsc",
        "tsserver": "bin/tsserver"
      },
      "engines": {
        "node": ">=4.2.0"
      }
    }
  },
  "dependencies": {
    "@types/node": {
      "version": "16.4.3",
      "resolved": "https://registry.nlark.com/@types/node/download/@types/node-16.4.3.tgz?cache=0&sync_timestamp=1627257954439&other_urls=https%3A%2F%2Fregistry.nlark.com%2F%40types%2Fnode%2Fdownload%2F%40types%2Fnode-16.4.3.tgz",
      "integrity": "sha1-wBwaIVch9t7HG0fYi0aHRjYBukg="
    },
    "typescript": {
      "version": "4.3.5",
      "resolved": "https://registry.nlark.com/typescript/download/typescript-4.3.5.tgz?cache=0&other_urls=https%3A%2F%2Fregistry.nlark.com%2Ftypescript%2Fdownload%2Ftypescript-4.3.5.tgz",
      "integrity": "sha1-TRw3zBbok5c8RaBohrcRMjTxGfQ="
    }
  }
}
